{
  "version": 4,
  "terraform_version": "1.0.7",
  "serial": 36,
  "lineage": "6f626336-6e57-da44-fc7f-3da6492efab3",
  "outputs": {
    "key_name": {
      "value": "PU-key",
      "type": "string"
    },
    "private_ip": {
      "value": "10.0.2.36",
      "type": "string"
    },
    "public_ip": {
      "value": "65.0.185.0",
      "type": "string"
    },
    "sg_priv_id": {
      "value": "sg-0b86e77bddd8cbc7a",
      "type": "string"
    },
    "sg_pub_id": {
      "value": "sg-0714cfcf42e60c5bd",
      "type": "string"
    },
    "ssh_keypair": {
      "value": "-----BEGIN RSA PRIVATE KEY-----\nMIIEogIBAAKCAQEA60w5oYTW+I1MvXWuLAmgduDLkB9gbQ9GiDdPyQxpanFF5foY\nfHe6kf4VKerzyj6VuBRiw5Ob8ZNA7EAwrcmU4c7XXJB41GGV9+RpkprGxfYJmNvj\nt+EkO98nmz5urSRCS1jDFlylbHl3hqAPIlb4lOuG1Pp7tborzIw3bOKXU3lX5Jga\nEc32Os2266ISXNTJCDsglIZKhQG82FCP6PZnqMOjC4259ivwDibOZ7uiYGlUA8cC\ntwhGBDrA0K6TeOxT1wIn12i+Z9f4Xsg0Bp5fW+b5jD7FYqQDVxAdM5GLLFesKf89\nqUV2n2jloPYdYwIA0rJ3ngF4assUQ+o+mxXSGQIDAQABAoIBAD1qbfh8xeemagth\ntg6EjL+6uSdrKS4OOKjBVy/w72r7GfWHK/EBB0+n9Do2u19kqoubtpO56ZBKkT2Z\nG5ug7B1sccYVZ5R3zD8h/XRotc1iBOtDKdMLDvwZqSraRuUme69TAcjKcds4cTxQ\nduLNtKCaQV1B7Bxo9Zm0V5syIbGFkI0nIlb8Q5wheRc4dGMq5x0aeqgfoEDdKL/+\nr8vm/PDUVue+x+0B9v3cETlPT46gYiHE+NRYnk3OTcU7fSUkIFlPLdGOF+QHbUZ3\nQCKUwnqgrLhx1p9s53Cd8kfGKEiUjh8jk/Mhd8HZllBtM1rQfyhGlnVgktiCu5U8\nfWPl4akCgYEA9ygZ+nWh5+zE+5VWMvj8Awhz1yqMuMVyp1E+iKdH+ay6oSnsVO2f\nKv5IkNbBVzbvbK/Q+6OMHvQWt/RcuCleUd+8cMKFeWJzDDmP1+FOvqn8mFPIEKvU\nfm9abu4VE2fmAvNTsCt+lMw0W2bjrpinQ+zc1jYF+9WXHY5pUiL6tHcCgYEA87d/\nt6hno76WpXohb7FwR7CtR8I8upjG8O9Ey2K+T3UlmG7hLr3fphYEoDLG2/B1X2iv\nzO4rVECmXFCz4AfKgYKrC3I2yRMsNqzcEtjiPnDMXmPqSJWYIkJ4P7Xe4VKxjZ8p\n72KUC8TCJCHGeJuLZ/jQh/7KETQ7mD9GZjFcIe8CgYBLz0sYndhJkUBigs3r2J9E\nNuWBTBXZ3wZp9+uccuMK3EZqhLdu3WwC/fg4JQcsvzb1OYB6jxG9tNT7G8MM4fOC\nXYQpeiECuIXdbBKI/xzuMqm994TYSDxng7RTbkecqjPNF+HFmbG75l7w4kBYH46+\nsPqT4gI32q39bN81SHFpxQKBgBZaf0leFdtr8K9Oy2BOOwkoSExroVxQBPc2Su4I\nqYHqMb+Qc/Dwk2HNZTE4Vwr3PBy7Ily+f5TjtR6EfGsQ698DGCMdn67DpmuBYVIN\nOHsXp3cE3Qk5R1HlHNhjGwU5q3Vc4uDE/uUxb8kWm/iV86xeounGUcxQKSMmspNO\n9a9bAoGACWSxxL1NF83bZb9/kACwo7jpe8HMEUvEuhVpOZgvKSRxv8nuckf9rmpk\nfUII3pvGuvcWbad4H15a/wJGTnKtnvyhSS9x/0xVuvFvfw3dm0EdbZ606hwmTPjN\nwHNOczuBBcIwcsfOnPs9vrDs3hogQQhi1kGh6mF+zZ3CfwQ3++Y=\n-----END RSA PRIVATE KEY-----\n",
      "type": "string",
      "sensitive": true
    },
    "vpc": {
      "value": {
        "azs": [
          "ap-south-1a",
          "ap-south-1b",
          "ap-south-1c"
        ],
        "cgw_arns": [],
        "cgw_ids": [],
        "database_internet_gateway_route_id": "",
        "database_ipv6_egress_route_id": "",
        "database_nat_gateway_route_ids": [],
        "database_network_acl_arn": "",
        "database_network_acl_id": "",
        "database_route_table_association_ids": [],
        "database_route_table_ids": [
          "rtb-0257543faee586b91"
        ],
        "database_subnet_arns": [],
        "database_subnet_group": "",
        "database_subnet_group_name": "",
        "database_subnets": [],
        "database_subnets_cidr_blocks": [],
        "database_subnets_ipv6_cidr_blocks": [],
        "default_network_acl_id": "acl-0dba33ff3deba8564",
        "default_route_table_id": "rtb-0ca2f7d061d6ba48b",
        "default_security_group_id": "sg-0759345b010fac5b8",
        "default_vpc_arn": "",
        "default_vpc_cidr_block": "",
        "default_vpc_default_network_acl_id": "",
        "default_vpc_default_route_table_id": "",
        "default_vpc_default_security_group_id": "",
        "default_vpc_enable_dns_hostnames": "",
        "default_vpc_enable_dns_support": "",
        "default_vpc_id": "",
        "default_vpc_instance_tenancy": "",
        "default_vpc_main_route_table_id": "",
        "dhcp_options_id": "",
        "egress_only_internet_gateway_id": "",
        "elasticache_network_acl_arn": "",
        "elasticache_network_acl_id": "",
        "elasticache_route_table_association_ids": [],
        "elasticache_route_table_ids": [
          "rtb-0257543faee586b91"
        ],
        "elasticache_subnet_arns": [],
        "elasticache_subnet_group": "",
        "elasticache_subnet_group_name": "",
        "elasticache_subnets": [],
        "elasticache_subnets_cidr_blocks": [],
        "elasticache_subnets_ipv6_cidr_blocks": [],
        "igw_arn": "arn:aws:ec2:ap-south-1:773539759105:internet-gateway/igw-0a5e58042c1ea5533",
        "igw_id": "igw-0a5e58042c1ea5533",
        "intra_network_acl_arn": "",
        "intra_network_acl_id": "",
        "intra_route_table_association_ids": [],
        "intra_route_table_ids": [],
        "intra_subnet_arns": [],
        "intra_subnets": [],
        "intra_subnets_cidr_blocks": [],
        "intra_subnets_ipv6_cidr_blocks": [],
        "name": "aws-vpc",
        "nat_ids": [
          "eipalloc-020a7f08c508d8fda"
        ],
        "nat_public_ips": [
          "3.7.164.24"
        ],
        "natgw_ids": [
          "nat-00bf90dc5359aa89e"
        ],
        "outpost_network_acl_arn": "",
        "outpost_network_acl_id": "",
        "outpost_subnet_arns": [],
        "outpost_subnets": [],
        "outpost_subnets_cidr_blocks": [],
        "outpost_subnets_ipv6_cidr_blocks": [],
        "private_ipv6_egress_route_ids": [],
        "private_nat_gateway_route_ids": [
          "r-rtb-0257543faee586b911080289494"
        ],
        "private_network_acl_arn": "",
        "private_network_acl_id": "",
        "private_route_table_association_ids": [
          "rtbassoc-0f1807281314c26d3",
          "rtbassoc-04158f9ea71ff539e"
        ],
        "private_route_table_ids": [
          "rtb-0257543faee586b91"
        ],
        "private_subnet_arns": [
          "arn:aws:ec2:ap-south-1:773539759105:subnet/subnet-0534b115576fe936a",
          "arn:aws:ec2:ap-south-1:773539759105:subnet/subnet-08ea6530692b44260"
        ],
        "private_subnets": [
          "subnet-0534b115576fe936a",
          "subnet-08ea6530692b44260"
        ],
        "private_subnets_cidr_blocks": [
          "10.0.1.0/24",
          "10.0.2.0/24"
        ],
        "private_subnets_ipv6_cidr_blocks": [
          "",
          ""
        ],
        "public_internet_gateway_ipv6_route_id": "",
        "public_internet_gateway_route_id": "r-rtb-07d3f309518292cbd1080289494",
        "public_network_acl_arn": "",
        "public_network_acl_id": "",
        "public_route_table_association_ids": [
          "rtbassoc-02881a2189d04e3df",
          "rtbassoc-0a6bd1619af72df21"
        ],
        "public_route_table_ids": [
          "rtb-07d3f309518292cbd"
        ],
        "public_subnet_arns": [
          "arn:aws:ec2:ap-south-1:773539759105:subnet/subnet-09a97b459b21a914c",
          "arn:aws:ec2:ap-south-1:773539759105:subnet/subnet-0990b12c2099843a1"
        ],
        "public_subnets": [
          "subnet-09a97b459b21a914c",
          "subnet-0990b12c2099843a1"
        ],
        "public_subnets_cidr_blocks": [
          "10.0.101.0/24",
          "10.0.102.0/24"
        ],
        "public_subnets_ipv6_cidr_blocks": [
          "",
          ""
        ],
        "redshift_network_acl_arn": "",
        "redshift_network_acl_id": "",
        "redshift_public_route_table_association_ids": [],
        "redshift_route_table_association_ids": [],
        "redshift_route_table_ids": [
          "rtb-0257543faee586b91"
        ],
        "redshift_subnet_arns": [],
        "redshift_subnet_group": "",
        "redshift_subnets": [],
        "redshift_subnets_cidr_blocks": [],
        "redshift_subnets_ipv6_cidr_blocks": [],
        "this_customer_gateway": {},
        "vgw_arn": "",
        "vgw_id": "",
        "vpc_arn": "arn:aws:ec2:ap-south-1:773539759105:vpc/vpc-0e4f8b4465c603f7e",
        "vpc_cidr_block": "10.0.0.0/16",
        "vpc_enable_dns_hostnames": false,
        "vpc_enable_dns_support": true,
        "vpc_flow_log_cloudwatch_iam_role_arn": "",
        "vpc_flow_log_destination_arn": "",
        "vpc_flow_log_destination_type": "cloud-watch-logs",
        "vpc_flow_log_id": "",
        "vpc_id": "vpc-0e4f8b4465c603f7e",
        "vpc_instance_tenancy": "default",
        "vpc_ipv6_association_id": "",
        "vpc_ipv6_cidr_block": "",
        "vpc_main_route_table_id": "rtb-0ca2f7d061d6ba48b",
        "vpc_owner_id": "773539759105",
        "vpc_secondary_cidr_blocks": []
      },
      "type": [
        "object",
        {
          "azs": [
            "list",
            "string"
          ],
          "cgw_arns": [
            "tuple",
            []
          ],
          "cgw_ids": [
            "tuple",
            []
          ],
          "database_internet_gateway_route_id": "string",
          "database_ipv6_egress_route_id": "string",
          "database_nat_gateway_route_ids": [
            "tuple",
            []
          ],
          "database_network_acl_arn": "string",
          "database_network_acl_id": "string",
          "database_route_table_association_ids": [
            "tuple",
            []
          ],
          "database_route_table_ids": [
            "list",
            "string"
          ],
          "database_subnet_arns": [
            "tuple",
            []
          ],
          "database_subnet_group": "string",
          "database_subnet_group_name": "string",
          "database_subnets": [
            "tuple",
            []
          ],
          "database_subnets_cidr_blocks": [
            "tuple",
            []
          ],
          "database_subnets_ipv6_cidr_blocks": [
            "tuple",
            []
          ],
          "default_network_acl_id": "string",
          "default_route_table_id": "string",
          "default_security_group_id": "string",
          "default_vpc_arn": "string",
          "default_vpc_cidr_block": "string",
          "default_vpc_default_network_acl_id": "string",
          "default_vpc_default_route_table_id": "string",
          "default_vpc_default_security_group_id": "string",
          "default_vpc_enable_dns_hostnames": "string",
          "default_vpc_enable_dns_support": "string",
          "default_vpc_id": "string",
          "default_vpc_instance_tenancy": "string",
          "default_vpc_main_route_table_id": "string",
          "dhcp_options_id": "string",
          "egress_only_internet_gateway_id": "string",
          "elasticache_network_acl_arn": "string",
          "elasticache_network_acl_id": "string",
          "elasticache_route_table_association_ids": [
            "tuple",
            []
          ],
          "elasticache_route_table_ids": [
            "list",
            "string"
          ],
          "elasticache_subnet_arns": [
            "tuple",
            []
          ],
          "elasticache_subnet_group": "string",
          "elasticache_subnet_group_name": "string",
          "elasticache_subnets": [
            "tuple",
            []
          ],
          "elasticache_subnets_cidr_blocks": [
            "tuple",
            []
          ],
          "elasticache_subnets_ipv6_cidr_blocks": [
            "tuple",
            []
          ],
          "igw_arn": "string",
          "igw_id": "string",
          "intra_network_acl_arn": "string",
          "intra_network_acl_id": "string",
          "intra_route_table_association_ids": [
            "tuple",
            []
          ],
          "intra_route_table_ids": [
            "tuple",
            []
          ],
          "intra_subnet_arns": [
            "tuple",
            []
          ],
          "intra_subnets": [
            "tuple",
            []
          ],
          "intra_subnets_cidr_blocks": [
            "tuple",
            []
          ],
          "intra_subnets_ipv6_cidr_blocks": [
            "tuple",
            []
          ],
          "name": "string",
          "nat_ids": [
            "tuple",
            [
              "string"
            ]
          ],
          "nat_public_ips": [
            "list",
            "string"
          ],
          "natgw_ids": [
            "tuple",
            [
              "string"
            ]
          ],
          "outpost_network_acl_arn": "string",
          "outpost_network_acl_id": "string",
          "outpost_subnet_arns": [
            "tuple",
            []
          ],
          "outpost_subnets": [
            "tuple",
            []
          ],
          "outpost_subnets_cidr_blocks": [
            "tuple",
            []
          ],
          "outpost_subnets_ipv6_cidr_blocks": [
            "tuple",
            []
          ],
          "private_ipv6_egress_route_ids": [
            "tuple",
            []
          ],
          "private_nat_gateway_route_ids": [
            "tuple",
            [
              "string"
            ]
          ],
          "private_network_acl_arn": "string",
          "private_network_acl_id": "string",
          "private_route_table_association_ids": [
            "tuple",
            [
              "string",
              "string"
            ]
          ],
          "private_route_table_ids": [
            "tuple",
            [
              "string"
            ]
          ],
          "private_subnet_arns": [
            "tuple",
            [
              "string",
              "string"
            ]
          ],
          "private_subnets": [
            "tuple",
            [
              "string",
              "string"
            ]
          ],
          "private_subnets_cidr_blocks": [
            "tuple",
            [
              "string",
              "string"
            ]
          ],
          "private_subnets_ipv6_cidr_blocks": [
            "tuple",
            [
              "string",
              "string"
            ]
          ],
          "public_internet_gateway_ipv6_route_id": "string",
          "public_internet_gateway_route_id": "string",
          "public_network_acl_arn": "string",
          "public_network_acl_id": "string",
          "public_route_table_association_ids": [
            "tuple",
            [
              "string",
              "string"
            ]
          ],
          "public_route_table_ids": [
            "tuple",
            [
              "string"
            ]
          ],
          "public_subnet_arns": [
            "tuple",
            [
              "string",
              "string"
            ]
          ],
          "public_subnets": [
            "tuple",
            [
              "string",
              "string"
            ]
          ],
          "public_subnets_cidr_blocks": [
            "tuple",
            [
              "string",
              "string"
            ]
          ],
          "public_subnets_ipv6_cidr_blocks": [
            "tuple",
            [
              "string",
              "string"
            ]
          ],
          "redshift_network_acl_arn": "string",
          "redshift_network_acl_id": "string",
          "redshift_public_route_table_association_ids": [
            "tuple",
            []
          ],
          "redshift_route_table_association_ids": [
            "tuple",
            []
          ],
          "redshift_route_table_ids": [
            "list",
            "string"
          ],
          "redshift_subnet_arns": [
            "tuple",
            []
          ],
          "redshift_subnet_group": "string",
          "redshift_subnets": [
            "tuple",
            []
          ],
          "redshift_subnets_cidr_blocks": [
            "tuple",
            []
          ],
          "redshift_subnets_ipv6_cidr_blocks": [
            "tuple",
            []
          ],
          "this_customer_gateway": [
            "object",
            {}
          ],
          "vgw_arn": "string",
          "vgw_id": "string",
          "vpc_arn": "string",
          "vpc_cidr_block": "string",
          "vpc_enable_dns_hostnames": "bool",
          "vpc_enable_dns_support": "bool",
          "vpc_flow_log_cloudwatch_iam_role_arn": "string",
          "vpc_flow_log_destination_arn": "string",
          "vpc_flow_log_destination_type": "string",
          "vpc_flow_log_id": "string",
          "vpc_id": "string",
          "vpc_instance_tenancy": "string",
          "vpc_ipv6_association_id": "string",
          "vpc_ipv6_cidr_block": "string",
          "vpc_main_route_table_id": "string",
          "vpc_owner_id": "string",
          "vpc_secondary_cidr_blocks": [
            "tuple",
            []
          ]
        }
      ]
    }
  },
  "resources": [
    {
      "mode": "data",
      "type": "aws_ami",
      "name": "amazon-linux-2",
      "provider": "provider[\"registry.terraform.io/hashicorp/aws\"]",
      "instances": [
        {
          "schema_version": 0,
          "attributes": {
            "architecture": "x86_64",
            "arn": "arn:aws:ec2:ap-south-1::image/ami-0a23ccb2cdd9286bb",
            "block_device_mappings": [
              {
                "device_name": "/dev/xvda",
                "ebs": {
                  "delete_on_termination": "true",
                  "encrypted": "false",
                  "iops": "0",
                  "snapshot_id": "snap-06bbbc66f8621e076",
                  "throughput": "0",
                  "volume_size": "8",
                  "volume_type": "gp2"
                },
                "no_device": "",
                "virtual_name": ""
              }
            ],
            "creation_date": "2021-08-25T06:57:28.000Z",
            "description": "Amazon Linux 2 AMI 2.0.20210813.1 x86_64 HVM gp2",
            "ena_support": true,
            "executable_users": null,
            "filter": [
              {
                "name": "name",
                "values": [
                  "amzn2-ami-hvm*"
                ]
              }
            ],
            "hypervisor": "xen",
            "id": "ami-0a23ccb2cdd9286bb",
            "image_id": "ami-0a23ccb2cdd9286bb",
            "image_location": "amazon/amzn2-ami-hvm-2.0.20210813.1-x86_64-gp2",
            "image_owner_alias": "amazon",
            "image_type": "machine",
            "kernel_id": null,
            "most_recent": true,
            "name": "amzn2-ami-hvm-2.0.20210813.1-x86_64-gp2",
            "name_regex": null,
            "owner_id": "137112412989",
            "owners": [
              "amazon"
            ],
            "platform": null,
            "platform_details": "Linux/UNIX",
            "product_codes": [],
            "public": true,
            "ramdisk_id": null,
            "root_device_name": "/dev/xvda",
            "root_device_type": "ebs",
            "root_snapshot_id": "snap-06bbbc66f8621e076",
            "sriov_net_support": "simple",
            "state": "available",
            "state_reason": {
              "code": "UNSET",
              "message": "UNSET"
            },
            "tags": {},
            "usage_operation": "RunInstances",
            "virtualization_type": "hvm"
          },
          "sensitive_attributes": []
        }
      ]
    },
    {
      "mode": "data",
      "type": "aws_availability_zones",
      "name": "available",
      "provider": "provider[\"registry.terraform.io/hashicorp/aws\"]",
      "instances": [
        {
          "schema_version": 0,
          "attributes": {
            "all_availability_zones": null,
            "exclude_names": null,
            "exclude_zone_ids": null,
            "filter": null,
            "group_names": [
              "ap-south-1"
            ],
            "id": "ap-south-1",
            "names": [
              "ap-south-1a",
              "ap-south-1b",
              "ap-south-1c"
            ],
            "state": null,
            "zone_ids": [
              "aps1-az1",
              "aps1-az3",
              "aps1-az2"
            ]
          },
          "sensitive_attributes": []
        }
      ]
    },
    {
      "mode": "managed",
      "type": "aws_instance",
      "name": "ec2_private",
      "provider": "provider[\"registry.terraform.io/hashicorp/aws\"]",
      "instances": [
        {
          "schema_version": 1,
          "attributes": {
            "ami": "ami-0a23ccb2cdd9286bb",
            "arn": "arn:aws:ec2:ap-south-1:773539759105:instance/i-0f4053b26fdc87b21",
            "associate_public_ip_address": false,
            "availability_zone": "ap-south-1b",
            "capacity_reservation_specification": [
              {
                "capacity_reservation_preference": "open",
                "capacity_reservation_target": []
              }
            ],
            "cpu_core_count": 1,
            "cpu_threads_per_core": 1,
            "credit_specification": [
              {
                "cpu_credits": "standard"
              }
            ],
            "disable_api_termination": false,
            "ebs_block_device": [],
            "ebs_optimized": false,
            "enclave_options": [
              {
                "enabled": false
              }
            ],
            "ephemeral_block_device": [],
            "get_password_data": false,
            "hibernation": false,
            "host_id": null,
            "iam_instance_profile": "",
            "id": "i-0f4053b26fdc87b21",
            "instance_initiated_shutdown_behavior": "stop",
            "instance_state": "running",
            "instance_type": "t2.micro",
            "ipv6_address_count": 0,
            "ipv6_addresses": [],
            "key_name": "PU-key",
            "launch_template": [],
            "metadata_options": [
              {
                "http_endpoint": "enabled",
                "http_put_response_hop_limit": 1,
                "http_tokens": "optional"
              }
            ],
            "monitoring": false,
            "network_interface": [],
            "outpost_arn": "",
            "password_data": "",
            "placement_group": "",
            "primary_network_interface_id": "eni-0bd25a52bd4b243da",
            "private_dns": "ip-10-0-2-36.ap-south-1.compute.internal",
            "private_ip": "10.0.2.36",
            "public_dns": "",
            "public_ip": "",
            "root_block_device": [
              {
                "delete_on_termination": true,
                "device_name": "/dev/xvda",
                "encrypted": false,
                "iops": 100,
                "kms_key_id": "",
                "tags": {},
                "throughput": 0,
                "volume_id": "vol-095ec4b22c067e853",
                "volume_size": 8,
                "volume_type": "gp2"
              }
            ],
            "secondary_private_ips": [],
            "security_groups": [],
            "source_dest_check": true,
            "subnet_id": "subnet-08ea6530692b44260",
            "tags": {
              "Name": "instance2-EC2-PRIVATE"
            },
            "tags_all": {
              "Name": "instance2-EC2-PRIVATE"
            },
            "tenancy": "default",
            "timeouts": null,
            "user_data": null,
            "user_data_base64": null,
            "volume_tags": null,
            "vpc_security_group_ids": [
              "sg-0b86e77bddd8cbc7a"
            ]
          },
          "sensitive_attributes": [],
          "private": "eyJlMmJmYjczMC1lY2FhLTExZTYtOGY4OC0zNDM2M2JjN2M0YzAiOnsiY3JlYXRlIjo2MDAwMDAwMDAwMDAsImRlbGV0ZSI6MTIwMDAwMDAwMDAwMCwidXBkYXRlIjo2MDAwMDAwMDAwMDB9LCJzY2hlbWFfdmVyc2lvbiI6IjEifQ==",
          "dependencies": [
            "aws_key_pair.key_pair",
            "aws_security_group.allow_ssh_priv",
            "data.aws_ami.amazon-linux-2",
            "module.vpc.aws_subnet.private"
          ]
        }
      ]
    },
    {
      "mode": "managed",
      "type": "aws_instance",
      "name": "ec2_public",
      "provider": "provider[\"registry.terraform.io/hashicorp/aws\"]",
      "instances": [
        {
          "schema_version": 1,
          "attributes": {
            "ami": "ami-0a23ccb2cdd9286bb",
            "arn": "arn:aws:ec2:ap-south-1:773539759105:instance/i-086b1abba2a9fd534",
            "associate_public_ip_address": true,
            "availability_zone": "ap-south-1a",
            "capacity_reservation_specification": [
              {
                "capacity_reservation_preference": "open",
                "capacity_reservation_target": []
              }
            ],
            "cpu_core_count": 1,
            "cpu_threads_per_core": 1,
            "credit_specification": [
              {
                "cpu_credits": "standard"
              }
            ],
            "disable_api_termination": false,
            "ebs_block_device": [],
            "ebs_optimized": false,
            "enclave_options": [
              {
                "enabled": false
              }
            ],
            "ephemeral_block_device": [],
            "get_password_data": false,
            "hibernation": false,
            "host_id": null,
            "iam_instance_profile": "",
            "id": "i-086b1abba2a9fd534",
            "instance_initiated_shutdown_behavior": "stop",
            "instance_state": "running",
            "instance_type": "t2.micro",
            "ipv6_address_count": 0,
            "ipv6_addresses": [],
            "key_name": "PU-key",
            "launch_template": [],
            "metadata_options": [
              {
                "http_endpoint": "enabled",
                "http_put_response_hop_limit": 1,
                "http_tokens": "optional"
              }
            ],
            "monitoring": false,
            "network_interface": [],
            "outpost_arn": "",
            "password_data": "",
            "placement_group": "",
            "primary_network_interface_id": "eni-0cb4bf4b6d048b7a1",
            "private_dns": "ip-10-0-101-122.ap-south-1.compute.internal",
            "private_ip": "10.0.101.122",
            "public_dns": "",
            "public_ip": "65.0.185.0",
            "root_block_device": [
              {
                "delete_on_termination": true,
                "device_name": "/dev/xvda",
                "encrypted": false,
                "iops": 100,
                "kms_key_id": "",
                "tags": {},
                "throughput": 0,
                "volume_id": "vol-0133af23d4df24d61",
                "volume_size": 8,
                "volume_type": "gp2"
              }
            ],
            "secondary_private_ips": [],
            "security_groups": [],
            "source_dest_check": true,
            "subnet_id": "subnet-09a97b459b21a914c",
            "tags": {
              "Name": "instance1-EC2-PUBLIC"
            },
            "tags_all": {
              "Name": "instance1-EC2-PUBLIC"
            },
            "tenancy": "default",
            "timeouts": null,
            "user_data": null,
            "user_data_base64": null,
            "volume_tags": null,
            "vpc_security_group_ids": [
              "sg-0714cfcf42e60c5bd"
            ]
          },
          "sensitive_attributes": [],
          "private": "eyJlMmJmYjczMC1lY2FhLTExZTYtOGY4OC0zNDM2M2JjN2M0YzAiOnsiY3JlYXRlIjo2MDAwMDAwMDAwMDAsImRlbGV0ZSI6MTIwMDAwMDAwMDAwMCwidXBkYXRlIjo2MDAwMDAwMDAwMDB9LCJzY2hlbWFfdmVyc2lvbiI6IjEifQ==",
          "dependencies": [
            "aws_key_pair.key_pair",
            "aws_security_group.allow_ssh_pub",
            "data.aws_ami.amazon-linux-2",
            "data.aws_availability_zones.available",
            "module.vpc.aws_subnet.public"
          ]
        }
      ]
    },
    {
      "mode": "managed",
      "type": "aws_key_pair",
      "name": "key_pair",
      "provider": "provider[\"registry.terraform.io/hashicorp/aws\"]",
      "instances": [
        {
          "schema_version": 1,
          "attributes": {
            "arn": "arn:aws:ec2:ap-south-1:773539759105:key-pair/PU-key",
            "fingerprint": "53:a7:97:1f:2c:43:6c:97:20:cb:13:73:db:f3:79:a2",
            "id": "PU-key",
            "key_name": "PU-key",
            "key_name_prefix": null,
            "key_pair_id": "key-0f2f914daa7023f08",
            "public_key": "ssh-rsa AAAAB3NzaC1yc2EAAAADAQABAAABAQDrTDmhhNb4jUy9da4sCaB24MuQH2BtD0aIN0/JDGlqcUXl+hh8d7qR/hUp6vPKPpW4FGLDk5vxk0DsQDCtyZThztdckHjUYZX35GmSmsbF9gmY2+O34SQ73yebPm6tJEJLWMMWXKVseXeGoA8iVviU64bU+nu1uivMjDds4pdTeVfkmBoRzfY6zbbrohJc1MkIOyCUhkqFAbzYUI/o9meow6MLjbn2K/AOJs5nu6JgaVQDxwK3CEYEOsDQrpN47FPXAifXaL5n1/heyDQGnl9b5vmMPsVipANXEB0zkYssV6wp/z2pRXafaOWg9h1jAgDSsneeAXhqyxRD6j6bFdIZ",
            "tags": {},
            "tags_all": {}
          },
          "sensitive_attributes": [],
          "private": "eyJzY2hlbWFfdmVyc2lvbiI6IjEifQ==",
          "dependencies": [
            "tls_private_key.key"
          ]
        }
      ]
    },
    {
      "mode": "managed",
      "type": "aws_security_group",
      "name": "allow_ssh_priv",
      "provider": "provider[\"registry.terraform.io/hashicorp/aws\"]",
      "instances": [
        {
          "schema_version": 1,
          "attributes": {
            "arn": "arn:aws:ec2:ap-south-1:773539759105:security-group/sg-0b86e77bddd8cbc7a",
            "description": "Allow SSH inbound traffic",
            "egress": [
              {
                "cidr_blocks": [
                  "0.0.0.0/0"
                ],
                "description": "",
                "from_port": 0,
                "ipv6_cidr_blocks": [],
                "prefix_list_ids": [],
                "protocol": "-1",
                "security_groups": [],
                "self": false,
                "to_port": 0
              }
            ],
            "id": "sg-0b86e77bddd8cbc7a",
            "ingress": [
              {
                "cidr_blocks": [
                  "10.0.0.0/16"
                ],
                "description": "SSH only from internal VPC clients",
                "from_port": 22,
                "ipv6_cidr_blocks": [],
                "prefix_list_ids": [],
                "protocol": "tcp",
                "security_groups": [],
                "self": false,
                "to_port": 22
              }
            ],
            "name": "group-allow_ssh_priv",
            "name_prefix": "",
            "owner_id": "773539759105",
            "revoke_rules_on_delete": false,
            "tags": {
              "Name": "sg-allow_ssh_priv"
            },
            "tags_all": {
              "Name": "sg-allow_ssh_priv"
            },
            "timeouts": null,
            "vpc_id": "vpc-0e4f8b4465c603f7e"
          },
          "sensitive_attributes": [],
          "private": "eyJlMmJmYjczMC1lY2FhLTExZTYtOGY4OC0zNDM2M2JjN2M0YzAiOnsiY3JlYXRlIjo2MDAwMDAwMDAwMDAsImRlbGV0ZSI6OTAwMDAwMDAwMDAwfSwic2NoZW1hX3ZlcnNpb24iOiIxIn0=",
          "dependencies": [
            "module.vpc.aws_vpc.this"
          ]
        }
      ]
    },
    {
      "mode": "managed",
      "type": "aws_security_group",
      "name": "allow_ssh_pub",
      "provider": "provider[\"registry.terraform.io/hashicorp/aws\"]",
      "instances": [
        {
          "schema_version": 1,
          "attributes": {
            "arn": "arn:aws:ec2:ap-south-1:773539759105:security-group/sg-0714cfcf42e60c5bd",
            "description": "Allow SSH inbound traffic",
            "egress": [
              {
                "cidr_blocks": [
                  "0.0.0.0/0"
                ],
                "description": "",
                "from_port": 0,
                "ipv6_cidr_blocks": [],
                "prefix_list_ids": [],
                "protocol": "-1",
                "security_groups": [],
                "self": false,
                "to_port": 0
              }
            ],
            "id": "sg-0714cfcf42e60c5bd",
            "ingress": [
              {
                "cidr_blocks": [
                  "0.0.0.0/0"
                ],
                "description": "SSH from the internet",
                "from_port": 22,
                "ipv6_cidr_blocks": [],
                "prefix_list_ids": [],
                "protocol": "tcp",
                "security_groups": [],
                "self": false,
                "to_port": 22
              }
            ],
            "name": "group-allow_ssh",
            "name_prefix": "",
            "owner_id": "773539759105",
            "revoke_rules_on_delete": false,
            "tags": {
              "Name": "sg-allow_ssh_pub"
            },
            "tags_all": {
              "Name": "sg-allow_ssh_pub"
            },
            "timeouts": null,
            "vpc_id": "vpc-0e4f8b4465c603f7e"
          },
          "sensitive_attributes": [],
          "private": "eyJlMmJmYjczMC1lY2FhLTExZTYtOGY4OC0zNDM2M2JjN2M0YzAiOnsiY3JlYXRlIjo2MDAwMDAwMDAwMDAsImRlbGV0ZSI6OTAwMDAwMDAwMDAwfSwic2NoZW1hX3ZlcnNpb24iOiIxIn0=",
          "dependencies": [
            "module.vpc.aws_vpc.this"
          ]
        }
      ]
    },
    {
      "mode": "managed",
      "type": "local_file",
      "name": "private_key",
      "provider": "provider[\"registry.terraform.io/hashicorp/local\"]",
      "instances": [
        {
          "schema_version": 0,
          "attributes": {
            "content": null,
            "content_base64": null,
            "directory_permission": "0777",
            "file_permission": "0400",
            "filename": "PV-key.pem",
            "id": "bae3051821c41f1b4777d4355bf49c12f9777b8a",
            "sensitive_content": "-----BEGIN RSA PRIVATE KEY-----\nMIIEogIBAAKCAQEA60w5oYTW+I1MvXWuLAmgduDLkB9gbQ9GiDdPyQxpanFF5foY\nfHe6kf4VKerzyj6VuBRiw5Ob8ZNA7EAwrcmU4c7XXJB41GGV9+RpkprGxfYJmNvj\nt+EkO98nmz5urSRCS1jDFlylbHl3hqAPIlb4lOuG1Pp7tborzIw3bOKXU3lX5Jga\nEc32Os2266ISXNTJCDsglIZKhQG82FCP6PZnqMOjC4259ivwDibOZ7uiYGlUA8cC\ntwhGBDrA0K6TeOxT1wIn12i+Z9f4Xsg0Bp5fW+b5jD7FYqQDVxAdM5GLLFesKf89\nqUV2n2jloPYdYwIA0rJ3ngF4assUQ+o+mxXSGQIDAQABAoIBAD1qbfh8xeemagth\ntg6EjL+6uSdrKS4OOKjBVy/w72r7GfWHK/EBB0+n9Do2u19kqoubtpO56ZBKkT2Z\nG5ug7B1sccYVZ5R3zD8h/XRotc1iBOtDKdMLDvwZqSraRuUme69TAcjKcds4cTxQ\nduLNtKCaQV1B7Bxo9Zm0V5syIbGFkI0nIlb8Q5wheRc4dGMq5x0aeqgfoEDdKL/+\nr8vm/PDUVue+x+0B9v3cETlPT46gYiHE+NRYnk3OTcU7fSUkIFlPLdGOF+QHbUZ3\nQCKUwnqgrLhx1p9s53Cd8kfGKEiUjh8jk/Mhd8HZllBtM1rQfyhGlnVgktiCu5U8\nfWPl4akCgYEA9ygZ+nWh5+zE+5VWMvj8Awhz1yqMuMVyp1E+iKdH+ay6oSnsVO2f\nKv5IkNbBVzbvbK/Q+6OMHvQWt/RcuCleUd+8cMKFeWJzDDmP1+FOvqn8mFPIEKvU\nfm9abu4VE2fmAvNTsCt+lMw0W2bjrpinQ+zc1jYF+9WXHY5pUiL6tHcCgYEA87d/\nt6hno76WpXohb7FwR7CtR8I8upjG8O9Ey2K+T3UlmG7hLr3fphYEoDLG2/B1X2iv\nzO4rVECmXFCz4AfKgYKrC3I2yRMsNqzcEtjiPnDMXmPqSJWYIkJ4P7Xe4VKxjZ8p\n72KUC8TCJCHGeJuLZ/jQh/7KETQ7mD9GZjFcIe8CgYBLz0sYndhJkUBigs3r2J9E\nNuWBTBXZ3wZp9+uccuMK3EZqhLdu3WwC/fg4JQcsvzb1OYB6jxG9tNT7G8MM4fOC\nXYQpeiECuIXdbBKI/xzuMqm994TYSDxng7RTbkecqjPNF+HFmbG75l7w4kBYH46+\nsPqT4gI32q39bN81SHFpxQKBgBZaf0leFdtr8K9Oy2BOOwkoSExroVxQBPc2Su4I\nqYHqMb+Qc/Dwk2HNZTE4Vwr3PBy7Ily+f5TjtR6EfGsQ698DGCMdn67DpmuBYVIN\nOHsXp3cE3Qk5R1HlHNhjGwU5q3Vc4uDE/uUxb8kWm/iV86xeounGUcxQKSMmspNO\n9a9bAoGACWSxxL1NF83bZb9/kACwo7jpe8HMEUvEuhVpOZgvKSRxv8nuckf9rmpk\nfUII3pvGuvcWbad4H15a/wJGTnKtnvyhSS9x/0xVuvFvfw3dm0EdbZ606hwmTPjN\nwHNOczuBBcIwcsfOnPs9vrDs3hogQQhi1kGh6mF+zZ3CfwQ3++Y=\n-----END RSA PRIVATE KEY-----\n",
            "source": null
          },
          "sensitive_attributes": [
            [
              {
                "type": "get_attr",
                "value": "sensitive_content"
              }
            ]
          ],
          "private": "bnVsbA==",
          "dependencies": [
            "tls_private_key.key"
          ]
        }
      ]
    },
    {
      "mode": "managed",
      "type": "tls_private_key",
      "name": "key",
      "provider": "provider[\"registry.terraform.io/hashicorp/tls\"]",
      "instances": [
        {
          "schema_version": 0,
          "attributes": {
            "algorithm": "RSA",
            "ecdsa_curve": "P224",
            "id": "4001a117c5c8db976077648cf909d834a6464371",
            "private_key_pem": "-----BEGIN RSA PRIVATE KEY-----\nMIIEogIBAAKCAQEA60w5oYTW+I1MvXWuLAmgduDLkB9gbQ9GiDdPyQxpanFF5foY\nfHe6kf4VKerzyj6VuBRiw5Ob8ZNA7EAwrcmU4c7XXJB41GGV9+RpkprGxfYJmNvj\nt+EkO98nmz5urSRCS1jDFlylbHl3hqAPIlb4lOuG1Pp7tborzIw3bOKXU3lX5Jga\nEc32Os2266ISXNTJCDsglIZKhQG82FCP6PZnqMOjC4259ivwDibOZ7uiYGlUA8cC\ntwhGBDrA0K6TeOxT1wIn12i+Z9f4Xsg0Bp5fW+b5jD7FYqQDVxAdM5GLLFesKf89\nqUV2n2jloPYdYwIA0rJ3ngF4assUQ+o+mxXSGQIDAQABAoIBAD1qbfh8xeemagth\ntg6EjL+6uSdrKS4OOKjBVy/w72r7GfWHK/EBB0+n9Do2u19kqoubtpO56ZBKkT2Z\nG5ug7B1sccYVZ5R3zD8h/XRotc1iBOtDKdMLDvwZqSraRuUme69TAcjKcds4cTxQ\nduLNtKCaQV1B7Bxo9Zm0V5syIbGFkI0nIlb8Q5wheRc4dGMq5x0aeqgfoEDdKL/+\nr8vm/PDUVue+x+0B9v3cETlPT46gYiHE+NRYnk3OTcU7fSUkIFlPLdGOF+QHbUZ3\nQCKUwnqgrLhx1p9s53Cd8kfGKEiUjh8jk/Mhd8HZllBtM1rQfyhGlnVgktiCu5U8\nfWPl4akCgYEA9ygZ+nWh5+zE+5VWMvj8Awhz1yqMuMVyp1E+iKdH+ay6oSnsVO2f\nKv5IkNbBVzbvbK/Q+6OMHvQWt/RcuCleUd+8cMKFeWJzDDmP1+FOvqn8mFPIEKvU\nfm9abu4VE2fmAvNTsCt+lMw0W2bjrpinQ+zc1jYF+9WXHY5pUiL6tHcCgYEA87d/\nt6hno76WpXohb7FwR7CtR8I8upjG8O9Ey2K+T3UlmG7hLr3fphYEoDLG2/B1X2iv\nzO4rVECmXFCz4AfKgYKrC3I2yRMsNqzcEtjiPnDMXmPqSJWYIkJ4P7Xe4VKxjZ8p\n72KUC8TCJCHGeJuLZ/jQh/7KETQ7mD9GZjFcIe8CgYBLz0sYndhJkUBigs3r2J9E\nNuWBTBXZ3wZp9+uccuMK3EZqhLdu3WwC/fg4JQcsvzb1OYB6jxG9tNT7G8MM4fOC\nXYQpeiECuIXdbBKI/xzuMqm994TYSDxng7RTbkecqjPNF+HFmbG75l7w4kBYH46+\nsPqT4gI32q39bN81SHFpxQKBgBZaf0leFdtr8K9Oy2BOOwkoSExroVxQBPc2Su4I\nqYHqMb+Qc/Dwk2HNZTE4Vwr3PBy7Ily+f5TjtR6EfGsQ698DGCMdn67DpmuBYVIN\nOHsXp3cE3Qk5R1HlHNhjGwU5q3Vc4uDE/uUxb8kWm/iV86xeounGUcxQKSMmspNO\n9a9bAoGACWSxxL1NF83bZb9/kACwo7jpe8HMEUvEuhVpOZgvKSRxv8nuckf9rmpk\nfUII3pvGuvcWbad4H15a/wJGTnKtnvyhSS9x/0xVuvFvfw3dm0EdbZ606hwmTPjN\nwHNOczuBBcIwcsfOnPs9vrDs3hogQQhi1kGh6mF+zZ3CfwQ3++Y=\n-----END RSA PRIVATE KEY-----\n",
            "public_key_fingerprint_md5": "4c:0a:ee:7c:01:6a:32:2a:fc:0f:d8:e5:b1:fe:16:14",
            "public_key_openssh": "ssh-rsa AAAAB3NzaC1yc2EAAAADAQABAAABAQDrTDmhhNb4jUy9da4sCaB24MuQH2BtD0aIN0/JDGlqcUXl+hh8d7qR/hUp6vPKPpW4FGLDk5vxk0DsQDCtyZThztdckHjUYZX35GmSmsbF9gmY2+O34SQ73yebPm6tJEJLWMMWXKVseXeGoA8iVviU64bU+nu1uivMjDds4pdTeVfkmBoRzfY6zbbrohJc1MkIOyCUhkqFAbzYUI/o9meow6MLjbn2K/AOJs5nu6JgaVQDxwK3CEYEOsDQrpN47FPXAifXaL5n1/heyDQGnl9b5vmMPsVipANXEB0zkYssV6wp/z2pRXafaOWg9h1jAgDSsneeAXhqyxRD6j6bFdIZ\n",
            "public_key_pem": "-----BEGIN PUBLIC KEY-----\nMIIBIjANBgkqhkiG9w0BAQEFAAOCAQ8AMIIBCgKCAQEA60w5oYTW+I1MvXWuLAmg\nduDLkB9gbQ9GiDdPyQxpanFF5foYfHe6kf4VKerzyj6VuBRiw5Ob8ZNA7EAwrcmU\n4c7XXJB41GGV9+RpkprGxfYJmNvjt+EkO98nmz5urSRCS1jDFlylbHl3hqAPIlb4\nlOuG1Pp7tborzIw3bOKXU3lX5JgaEc32Os2266ISXNTJCDsglIZKhQG82FCP6PZn\nqMOjC4259ivwDibOZ7uiYGlUA8cCtwhGBDrA0K6TeOxT1wIn12i+Z9f4Xsg0Bp5f\nW+b5jD7FYqQDVxAdM5GLLFesKf89qUV2n2jloPYdYwIA0rJ3ngF4assUQ+o+mxXS\nGQIDAQAB\n-----END PUBLIC KEY-----\n",
            "rsa_bits": 2048
          },
          "sensitive_attributes": [],
          "private": "bnVsbA=="
        }
      ]
    },
    {
      "module": "module.vpc",
      "mode": "managed",
      "type": "aws_eip",
      "name": "nat",
      "provider": "provider[\"registry.terraform.io/hashicorp/aws\"]",
      "instances": [
        {
          "index_key": 0,
          "schema_version": 0,
          "attributes": {
            "address": null,
            "allocation_id": null,
            "associate_with_private_ip": null,
            "association_id": "eipassoc-0e28b7604626a91b7",
            "carrier_ip": "",
            "customer_owned_ip": "",
            "customer_owned_ipv4_pool": "",
            "domain": "vpc",
            "id": "eipalloc-020a7f08c508d8fda",
            "instance": "",
            "network_border_group": "ap-south-1",
            "network_interface": "eni-0a8a5fd824ba56f2c",
            "private_dns": "ip-10-0-101-44.ap-south-1.compute.internal",
            "private_ip": "10.0.101.44",
            "public_dns": "ec2-3-7-164-24.ap-south-1.compute.amazonaws.com",
            "public_ip": "3.7.164.24",
            "public_ipv4_pool": "amazon",
            "tags": {
              "Name": "aws-vpc-ap-south-1a"
            },
            "tags_all": {
              "Name": "aws-vpc-ap-south-1a"
            },
            "timeouts": null,
            "vpc": true
          },
          "sensitive_attributes": [],
          "private": "eyJlMmJmYjczMC1lY2FhLTExZTYtOGY4OC0zNDM2M2JjN2M0YzAiOnsiZGVsZXRlIjoxODAwMDAwMDAwMDAsInJlYWQiOjkwMDAwMDAwMDAwMCwidXBkYXRlIjozMDAwMDAwMDAwMDB9fQ==",
          "dependencies": [
            "data.aws_availability_zones.available"
          ]
        }
      ]
    },
    {
      "module": "module.vpc",
      "mode": "managed",
      "type": "aws_internet_gateway",
      "name": "this",
      "provider": "provider[\"registry.terraform.io/hashicorp/aws\"]",
      "instances": [
        {
          "index_key": 0,
          "schema_version": 0,
          "attributes": {
            "arn": "arn:aws:ec2:ap-south-1:773539759105:internet-gateway/igw-0a5e58042c1ea5533",
            "id": "igw-0a5e58042c1ea5533",
            "owner_id": "773539759105",
            "tags": {
              "Name": "aws-vpc"
            },
            "tags_all": {
              "Name": "aws-vpc"
            },
            "vpc_id": "vpc-0e4f8b4465c603f7e"
          },
          "sensitive_attributes": [],
          "private": "bnVsbA==",
          "dependencies": [
            "module.vpc.aws_vpc.this",
            "module.vpc.aws_vpc_ipv4_cidr_block_association.this"
          ]
        }
      ]
    },
    {
      "module": "module.vpc",
      "mode": "managed",
      "type": "aws_nat_gateway",
      "name": "this",
      "provider": "provider[\"registry.terraform.io/hashicorp/aws\"]",
      "instances": [
        {
          "index_key": 0,
          "schema_version": 0,
          "attributes": {
            "allocation_id": "eipalloc-020a7f08c508d8fda",
            "connectivity_type": "public",
            "id": "nat-00bf90dc5359aa89e",
            "network_interface_id": "eni-0a8a5fd824ba56f2c",
            "private_ip": "10.0.101.44",
            "public_ip": "3.7.164.24",
            "subnet_id": "subnet-09a97b459b21a914c",
            "tags": {
              "Name": "aws-vpc-ap-south-1a"
            },
            "tags_all": {
              "Name": "aws-vpc-ap-south-1a"
            }
          },
          "sensitive_attributes": [],
          "private": "bnVsbA==",
          "dependencies": [
            "module.vpc.aws_subnet.public",
            "module.vpc.aws_vpc.this",
            "module.vpc.aws_vpc_ipv4_cidr_block_association.this",
            "data.aws_availability_zones.available",
            "module.vpc.aws_eip.nat",
            "module.vpc.aws_internet_gateway.this"
          ]
        }
      ]
    },
    {
      "module": "module.vpc",
      "mode": "managed",
      "type": "aws_route",
      "name": "private_nat_gateway",
      "provider": "provider[\"registry.terraform.io/hashicorp/aws\"]",
      "instances": [
        {
          "index_key": 0,
          "schema_version": 0,
          "attributes": {
            "carrier_gateway_id": "",
            "destination_cidr_block": "0.0.0.0/0",
            "destination_ipv6_cidr_block": "",
            "destination_prefix_list_id": "",
            "egress_only_gateway_id": "",
            "gateway_id": "",
            "id": "r-rtb-0257543faee586b911080289494",
            "instance_id": "",
            "instance_owner_id": "",
            "local_gateway_id": "",
            "nat_gateway_id": "nat-00bf90dc5359aa89e",
            "network_interface_id": "",
            "origin": "CreateRoute",
            "route_table_id": "rtb-0257543faee586b91",
            "state": "active",
            "timeouts": {
              "create": "5m",
              "delete": null
            },
            "transit_gateway_id": "",
            "vpc_endpoint_id": "",
            "vpc_peering_connection_id": ""
          },
          "sensitive_attributes": [],
          "private": "eyJlMmJmYjczMC1lY2FhLTExZTYtOGY4OC0zNDM2M2JjN2M0YzAiOnsiY3JlYXRlIjozMDAwMDAwMDAwMDAsImRlbGV0ZSI6MzAwMDAwMDAwMDAwfX0=",
          "dependencies": [
            "module.vpc.aws_nat_gateway.this",
            "module.vpc.aws_route_table.private",
            "module.vpc.aws_subnet.public",
            "module.vpc.aws_vpc.this",
            "module.vpc.aws_vpc_ipv4_cidr_block_association.this",
            "data.aws_availability_zones.available",
            "module.vpc.aws_eip.nat",
            "module.vpc.aws_internet_gateway.this"
          ]
        }
      ]
    },
    {
      "module": "module.vpc",
      "mode": "managed",
      "type": "aws_route",
      "name": "public_internet_gateway",
      "provider": "provider[\"registry.terraform.io/hashicorp/aws\"]",
      "instances": [
        {
          "index_key": 0,
          "schema_version": 0,
          "attributes": {
            "carrier_gateway_id": "",
            "destination_cidr_block": "0.0.0.0/0",
            "destination_ipv6_cidr_block": "",
            "destination_prefix_list_id": "",
            "egress_only_gateway_id": "",
            "gateway_id": "igw-0a5e58042c1ea5533",
            "id": "r-rtb-07d3f309518292cbd1080289494",
            "instance_id": "",
            "instance_owner_id": "",
            "local_gateway_id": "",
            "nat_gateway_id": "",
            "network_interface_id": "",
            "origin": "CreateRoute",
            "route_table_id": "rtb-07d3f309518292cbd",
            "state": "active",
            "timeouts": {
              "create": "5m",
              "delete": null
            },
            "transit_gateway_id": "",
            "vpc_endpoint_id": "",
            "vpc_peering_connection_id": ""
          },
          "sensitive_attributes": [],
          "private": "eyJlMmJmYjczMC1lY2FhLTExZTYtOGY4OC0zNDM2M2JjN2M0YzAiOnsiY3JlYXRlIjozMDAwMDAwMDAwMDAsImRlbGV0ZSI6MzAwMDAwMDAwMDAwfX0=",
          "dependencies": [
            "module.vpc.aws_internet_gateway.this",
            "module.vpc.aws_route_table.public",
            "module.vpc.aws_vpc.this",
            "module.vpc.aws_vpc_ipv4_cidr_block_association.this"
          ]
        }
      ]
    },
    {
      "module": "module.vpc",
      "mode": "managed",
      "type": "aws_route_table",
      "name": "private",
      "provider": "provider[\"registry.terraform.io/hashicorp/aws\"]",
      "instances": [
        {
          "index_key": 0,
          "schema_version": 0,
          "attributes": {
            "arn": "arn:aws:ec2:ap-south-1:773539759105:route-table/rtb-0257543faee586b91",
            "id": "rtb-0257543faee586b91",
            "owner_id": "773539759105",
            "propagating_vgws": [],
            "route": [
              {
                "carrier_gateway_id": "",
                "cidr_block": "0.0.0.0/0",
                "destination_prefix_list_id": "",
                "egress_only_gateway_id": "",
                "gateway_id": "",
                "instance_id": "",
                "ipv6_cidr_block": "",
                "local_gateway_id": "",
                "nat_gateway_id": "nat-00bf90dc5359aa89e",
                "network_interface_id": "",
                "transit_gateway_id": "",
                "vpc_endpoint_id": "",
                "vpc_peering_connection_id": ""
              }
            ],
            "tags": {
              "Name": "aws-vpc-private"
            },
            "tags_all": {
              "Name": "aws-vpc-private"
            },
            "vpc_id": "vpc-0e4f8b4465c603f7e"
          },
          "sensitive_attributes": [],
          "private": "bnVsbA==",
          "dependencies": [
            "data.aws_availability_zones.available",
            "module.vpc.aws_vpc.this",
            "module.vpc.aws_vpc_ipv4_cidr_block_association.this"
          ]
        }
      ]
    },
    {
      "module": "module.vpc",
      "mode": "managed",
      "type": "aws_route_table",
      "name": "public",
      "provider": "provider[\"registry.terraform.io/hashicorp/aws\"]",
      "instances": [
        {
          "index_key": 0,
          "schema_version": 0,
          "attributes": {
            "arn": "arn:aws:ec2:ap-south-1:773539759105:route-table/rtb-07d3f309518292cbd",
            "id": "rtb-07d3f309518292cbd",
            "owner_id": "773539759105",
            "propagating_vgws": [],
            "route": [
              {
                "carrier_gateway_id": "",
                "cidr_block": "0.0.0.0/0",
                "destination_prefix_list_id": "",
                "egress_only_gateway_id": "",
                "gateway_id": "igw-0a5e58042c1ea5533",
                "instance_id": "",
                "ipv6_cidr_block": "",
                "local_gateway_id": "",
                "nat_gateway_id": "",
                "network_interface_id": "",
                "transit_gateway_id": "",
                "vpc_endpoint_id": "",
                "vpc_peering_connection_id": ""
              }
            ],
            "tags": {
              "Name": "aws-vpc-public"
            },
            "tags_all": {
              "Name": "aws-vpc-public"
            },
            "vpc_id": "vpc-0e4f8b4465c603f7e"
          },
          "sensitive_attributes": [],
          "private": "bnVsbA==",
          "dependencies": [
            "module.vpc.aws_vpc.this",
            "module.vpc.aws_vpc_ipv4_cidr_block_association.this"
          ]
        }
      ]
    },
    {
      "module": "module.vpc",
      "mode": "managed",
      "type": "aws_route_table_association",
      "name": "private",
      "provider": "provider[\"registry.terraform.io/hashicorp/aws\"]",
      "instances": [
        {
          "index_key": 0,
          "schema_version": 0,
          "attributes": {
            "gateway_id": "",
            "id": "rtbassoc-0f1807281314c26d3",
            "route_table_id": "rtb-0257543faee586b91",
            "subnet_id": "subnet-0534b115576fe936a"
          },
          "sensitive_attributes": [],
          "private": "bnVsbA==",
          "dependencies": [
            "module.vpc.aws_vpc.this",
            "module.vpc.aws_vpc_ipv4_cidr_block_association.this",
            "data.aws_availability_zones.available",
            "module.vpc.aws_route_table.private",
            "module.vpc.aws_subnet.private"
          ]
        },
        {
          "index_key": 1,
          "schema_version": 0,
          "attributes": {
            "gateway_id": "",
            "id": "rtbassoc-04158f9ea71ff539e",
            "route_table_id": "rtb-0257543faee586b91",
            "subnet_id": "subnet-08ea6530692b44260"
          },
          "sensitive_attributes": [],
          "private": "bnVsbA==",
          "dependencies": [
            "data.aws_availability_zones.available",
            "module.vpc.aws_route_table.private",
            "module.vpc.aws_subnet.private",
            "module.vpc.aws_vpc.this",
            "module.vpc.aws_vpc_ipv4_cidr_block_association.this"
          ]
        }
      ]
    },
    {
      "module": "module.vpc",
      "mode": "managed",
      "type": "aws_route_table_association",
      "name": "public",
      "provider": "provider[\"registry.terraform.io/hashicorp/aws\"]",
      "instances": [
        {
          "index_key": 0,
          "schema_version": 0,
          "attributes": {
            "gateway_id": "",
            "id": "rtbassoc-02881a2189d04e3df",
            "route_table_id": "rtb-07d3f309518292cbd",
            "subnet_id": "subnet-09a97b459b21a914c"
          },
          "sensitive_attributes": [],
          "private": "bnVsbA==",
          "dependencies": [
            "data.aws_availability_zones.available",
            "module.vpc.aws_route_table.public",
            "module.vpc.aws_subnet.public",
            "module.vpc.aws_vpc.this",
            "module.vpc.aws_vpc_ipv4_cidr_block_association.this"
          ]
        },
        {
          "index_key": 1,
          "schema_version": 0,
          "attributes": {
            "gateway_id": "",
            "id": "rtbassoc-0a6bd1619af72df21",
            "route_table_id": "rtb-07d3f309518292cbd",
            "subnet_id": "subnet-0990b12c2099843a1"
          },
          "sensitive_attributes": [],
          "private": "bnVsbA==",
          "dependencies": [
            "data.aws_availability_zones.available",
            "module.vpc.aws_route_table.public",
            "module.vpc.aws_subnet.public",
            "module.vpc.aws_vpc.this",
            "module.vpc.aws_vpc_ipv4_cidr_block_association.this"
          ]
        }
      ]
    },
    {
      "module": "module.vpc",
      "mode": "managed",
      "type": "aws_subnet",
      "name": "private",
      "provider": "provider[\"registry.terraform.io/hashicorp/aws\"]",
      "instances": [
        {
          "index_key": 0,
          "schema_version": 1,
          "attributes": {
            "arn": "arn:aws:ec2:ap-south-1:773539759105:subnet/subnet-0534b115576fe936a",
            "assign_ipv6_address_on_creation": false,
            "availability_zone": "ap-south-1a",
            "availability_zone_id": "aps1-az1",
            "cidr_block": "10.0.1.0/24",
            "customer_owned_ipv4_pool": "",
            "id": "subnet-0534b115576fe936a",
            "ipv6_cidr_block": "",
            "ipv6_cidr_block_association_id": "",
            "map_customer_owned_ip_on_launch": false,
            "map_public_ip_on_launch": false,
            "outpost_arn": "",
            "owner_id": "773539759105",
            "tags": {
              "Name": "aws-vpc-private-ap-south-1a"
            },
            "tags_all": {
              "Name": "aws-vpc-private-ap-south-1a"
            },
            "timeouts": null,
            "vpc_id": "vpc-0e4f8b4465c603f7e"
          },
          "sensitive_attributes": [],
          "private": "eyJlMmJmYjczMC1lY2FhLTExZTYtOGY4OC0zNDM2M2JjN2M0YzAiOnsiY3JlYXRlIjo2MDAwMDAwMDAwMDAsImRlbGV0ZSI6MTIwMDAwMDAwMDAwMH0sInNjaGVtYV92ZXJzaW9uIjoiMSJ9",
          "dependencies": [
            "data.aws_availability_zones.available",
            "module.vpc.aws_vpc.this",
            "module.vpc.aws_vpc_ipv4_cidr_block_association.this"
          ]
        },
        {
          "index_key": 1,
          "schema_version": 1,
          "attributes": {
            "arn": "arn:aws:ec2:ap-south-1:773539759105:subnet/subnet-08ea6530692b44260",
            "assign_ipv6_address_on_creation": false,
            "availability_zone": "ap-south-1b",
            "availability_zone_id": "aps1-az3",
            "cidr_block": "10.0.2.0/24",
            "customer_owned_ipv4_pool": "",
            "id": "subnet-08ea6530692b44260",
            "ipv6_cidr_block": "",
            "ipv6_cidr_block_association_id": "",
            "map_customer_owned_ip_on_launch": false,
            "map_public_ip_on_launch": false,
            "outpost_arn": "",
            "owner_id": "773539759105",
            "tags": {
              "Name": "aws-vpc-private-ap-south-1b"
            },
            "tags_all": {
              "Name": "aws-vpc-private-ap-south-1b"
            },
            "timeouts": null,
            "vpc_id": "vpc-0e4f8b4465c603f7e"
          },
          "sensitive_attributes": [],
          "private": "eyJlMmJmYjczMC1lY2FhLTExZTYtOGY4OC0zNDM2M2JjN2M0YzAiOnsiY3JlYXRlIjo2MDAwMDAwMDAwMDAsImRlbGV0ZSI6MTIwMDAwMDAwMDAwMH0sInNjaGVtYV92ZXJzaW9uIjoiMSJ9",
          "dependencies": [
            "data.aws_availability_zones.available",
            "module.vpc.aws_vpc.this",
            "module.vpc.aws_vpc_ipv4_cidr_block_association.this"
          ]
        }
      ]
    },
    {
      "module": "module.vpc",
      "mode": "managed",
      "type": "aws_subnet",
      "name": "public",
      "provider": "provider[\"registry.terraform.io/hashicorp/aws\"]",
      "instances": [
        {
          "index_key": 0,
          "schema_version": 1,
          "attributes": {
            "arn": "arn:aws:ec2:ap-south-1:773539759105:subnet/subnet-09a97b459b21a914c",
            "assign_ipv6_address_on_creation": false,
            "availability_zone": "ap-south-1a",
            "availability_zone_id": "aps1-az1",
            "cidr_block": "10.0.101.0/24",
            "customer_owned_ipv4_pool": "",
            "id": "subnet-09a97b459b21a914c",
            "ipv6_cidr_block": "",
            "ipv6_cidr_block_association_id": "",
            "map_customer_owned_ip_on_launch": false,
            "map_public_ip_on_launch": true,
            "outpost_arn": "",
            "owner_id": "773539759105",
            "tags": {
              "Name": "aws-vpc-public-ap-south-1a"
            },
            "tags_all": {
              "Name": "aws-vpc-public-ap-south-1a"
            },
            "timeouts": null,
            "vpc_id": "vpc-0e4f8b4465c603f7e"
          },
          "sensitive_attributes": [],
          "private": "eyJlMmJmYjczMC1lY2FhLTExZTYtOGY4OC0zNDM2M2JjN2M0YzAiOnsiY3JlYXRlIjo2MDAwMDAwMDAwMDAsImRlbGV0ZSI6MTIwMDAwMDAwMDAwMH0sInNjaGVtYV92ZXJzaW9uIjoiMSJ9",
          "dependencies": [
            "data.aws_availability_zones.available",
            "module.vpc.aws_vpc.this",
            "module.vpc.aws_vpc_ipv4_cidr_block_association.this"
          ]
        },
        {
          "index_key": 1,
          "schema_version": 1,
          "attributes": {
            "arn": "arn:aws:ec2:ap-south-1:773539759105:subnet/subnet-0990b12c2099843a1",
            "assign_ipv6_address_on_creation": false,
            "availability_zone": "ap-south-1b",
            "availability_zone_id": "aps1-az3",
            "cidr_block": "10.0.102.0/24",
            "customer_owned_ipv4_pool": "",
            "id": "subnet-0990b12c2099843a1",
            "ipv6_cidr_block": "",
            "ipv6_cidr_block_association_id": "",
            "map_customer_owned_ip_on_launch": false,
            "map_public_ip_on_launch": true,
            "outpost_arn": "",
            "owner_id": "773539759105",
            "tags": {
              "Name": "aws-vpc-public-ap-south-1b"
            },
            "tags_all": {
              "Name": "aws-vpc-public-ap-south-1b"
            },
            "timeouts": null,
            "vpc_id": "vpc-0e4f8b4465c603f7e"
          },
          "sensitive_attributes": [],
          "private": "eyJlMmJmYjczMC1lY2FhLTExZTYtOGY4OC0zNDM2M2JjN2M0YzAiOnsiY3JlYXRlIjo2MDAwMDAwMDAwMDAsImRlbGV0ZSI6MTIwMDAwMDAwMDAwMH0sInNjaGVtYV92ZXJzaW9uIjoiMSJ9",
          "dependencies": [
            "data.aws_availability_zones.available",
            "module.vpc.aws_vpc.this",
            "module.vpc.aws_vpc_ipv4_cidr_block_association.this"
          ]
        }
      ]
    },
    {
      "module": "module.vpc",
      "mode": "managed",
      "type": "aws_vpc",
      "name": "this",
      "provider": "provider[\"registry.terraform.io/hashicorp/aws\"]",
      "instances": [
        {
          "index_key": 0,
          "schema_version": 1,
          "attributes": {
            "arn": "arn:aws:ec2:ap-south-1:773539759105:vpc/vpc-0e4f8b4465c603f7e",
            "assign_generated_ipv6_cidr_block": false,
            "cidr_block": "10.0.0.0/16",
            "default_network_acl_id": "acl-0dba33ff3deba8564",
            "default_route_table_id": "rtb-0ca2f7d061d6ba48b",
            "default_security_group_id": "sg-0759345b010fac5b8",
            "dhcp_options_id": "dopt-d21ca0b9",
            "enable_classiclink": null,
            "enable_classiclink_dns_support": null,
            "enable_dns_hostnames": false,
            "enable_dns_support": true,
            "id": "vpc-0e4f8b4465c603f7e",
            "instance_tenancy": "default",
            "ipv6_association_id": "",
            "ipv6_cidr_block": "",
            "main_route_table_id": "rtb-0ca2f7d061d6ba48b",
            "owner_id": "773539759105",
            "tags": {
              "Name": "aws-vpc"
            },
            "tags_all": {
              "Name": "aws-vpc"
            }
          },
          "sensitive_attributes": [],
          "private": "eyJzY2hlbWFfdmVyc2lvbiI6IjEifQ=="
        }
      ]
    }
  ]
}
